# contracts.lock.yaml – pins the Shared contract version this repo implements
version: 1
contracts:
  - source: baobab-platform/shared
    # EA-04 / IAM-M4 consumes the canonical workload registry and authorization
    # scope registry from Shared. This pin includes the PROVISIONED
    # federated_workload_token identities for baobab-cp-workload and
    # baobab-subscriptions-workload plus the current scope vocabulary.
    # 59b577d (shared#151) adds the provider-neutral identity/v1 capability
    # contracts this repository's declaration names.
    sha: 59b577da4eb03551a84de509b682f73c9fdc095f
