# contracts.lock.yaml – pins the Shared contract version this repo implements
version: 1
contracts:
  - source: baobab-platform/shared
    # EA-04 / IAM-M4 consumes the canonical workload registry and authorization
    # scope registry from Shared. This pin includes the PROVISIONED
    # federated_workload_token identities for baobab-cp-workload and
    # baobab-subscriptions-workload plus the current scope vocabulary.
    # Includes the provider-neutral identity/v1 capability contracts
    # (shared#151) and evidence-backed workload activation (shared#148).
    sha: 1bb1c94327d02a8040f267d6eed49ef181c74561
