# upstream.lock.yaml
# Pins the exact Keycloak version and container digest for production.
keycloak:
  version: "26.7.5"
  image: "quay.io/keycloak/keycloak"
  # Resolved from the registry by scripts/keycloak-baseline.sh (CI job
  # keycloak-baseline), which fails if this, the registry and the
  # Dockerfile FROM lines disagree. Closes R-1.
  digest: "sha256:37dbaf6f0722c9ec246335f36e1ef8b2e6cb960f7c27e0d8c615121a3d475a85"
